
Microsoft Visual Studio Solution File, Format Version 12.00
# Visual Studio Version 17
VisualStudioVersion = 17.5.33627.172
MinimumVisualStudioVersion = 10.0.40219.1
Project("{FAE04EC0-301F-11D3-BF4B-00C04F79EFBC}") = "Favpolls", "Favpolls.csproj", "{33816D58-38B2-4EB1-8C24-3296E7D6A933}"
EndProject
Project("{FAE04EC0-301F-11D3-BF4B-00C04F79EFBC}") = "Favpolls.DataAccess", "..\Favpolls.DataAccess\Favpolls.DataAccess.csproj", "{46E57E9B-38D9-4B12-810B-19AFEB7A05C2}"
EndProject
Project("{FAE04EC0-301F-11D3-BF4B-00C04F79EFBC}") = "Favpolls.Models", "..\Favpolls.Models\Favpolls.Models.csproj", "{6E785247-0FE3-44F7-B317-87374E4DD8D9}"
EndProject
Global
	GlobalSection(SolutionConfigurationPlatforms) = preSolution
		Debug|Any CPU = Debug|Any CPU
		Release|Any CPU = Release|Any CPU
	EndGlobalSection
	GlobalSection(ProjectConfigurationPlatforms) = postSolution
		{33816D58-38B2-4EB1-8C24-3296E7D6A933}.Debug|Any CPU.ActiveCfg = Debug|Any CPU
		{33816D58-38B2-4EB1-8C24-3296E7D6A933}.Debug|Any CPU.Build.0 = Debug|Any CPU
		{33816D58-38B2-4EB1-8C24-3296E7D6A933}.Release|Any CPU.ActiveCfg = Release|Any CPU
		{33816D58-38B2-4EB1-8C24-3296E7D6A933}.Release|Any CPU.Build.0 = Release|Any CPU
		{46E57E9B-38D9-4B12-810B-19AFEB7A05C2}.Debug|Any CPU.ActiveCfg = Debug|Any CPU
		{46E57E9B-38D9-4B12-810B-19AFEB7A05C2}.Debug|Any CPU.Build.0 = Debug|Any CPU
		{46E57E9B-38D9-4B12-810B-19AFEB7A05C2}.Release|Any CPU.ActiveCfg = Release|Any CPU
		{46E57E9B-38D9-4B12-810B-19AFEB7A05C2}.Release|Any CPU.Build.0 = Release|Any CPU
		{6E785247-0FE3-44F7-B317-87374E4DD8D9}.Debug|Any CPU.ActiveCfg = Debug|Any CPU
		{6E785247-0FE3-44F7-B317-87374E4DD8D9}.Debug|Any CPU.Build.0 = Debug|Any CPU
		{6E785247-0FE3-44F7-B317-87374E4DD8D9}.Release|Any CPU.ActiveCfg = Release|Any CPU
		{6E785247-0FE3-44F7-B317-87374E4DD8D9}.Release|Any CPU.Build.0 = Release|Any CPU
	EndGlobalSection
	GlobalSection(SolutionProperties) = preSolution
		HideSolutionNode = FALSE
	EndGlobalSection
	GlobalSection(ExtensibilityGlobals) = postSolution
		SolutionGuid = {BEFF46FC-4DAE-48AB-BA70-06E52781A94B}
	EndGlobalSection
EndGlobal
